
Microsoft Visual Studio Solution File, Format Version 12.00
# Visual Studio Version 17
VisualStudioVersion = 17.9.34701.34
MinimumVisualStudioVersion = 10.0.40219.1
Project("{FAE04EC0-301F-11D3-BF4B-00C04F79EFBC}") = "DataBaseQuiz", "DataBaseQuiz.csproj", "{7BD12C2D-9925-4497-9295-436CC83A0507}"
EndProject
Global
	GlobalSection(SolutionConfigurationPlatforms) = preSolution
		Debug|Any CPU = Debug|Any CPU
		Release|Any CPU = Release|Any CPU
	EndGlobalSection
	GlobalSection(ProjectConfigurationPlatforms) = postSolution
		{7BD12C2D-9925-4497-9295-436CC83A0507}.Debug|Any CPU.ActiveCfg = Debug|Any CPU
		{7BD12C2D-9925-4497-9295-436CC83A0507}.Debug|Any CPU.Build.0 = Debug|Any CPU
		{7BD12C2D-9925-4497-9295-436CC83A0507}.Release|Any CPU.ActiveCfg = Release|Any CPU
		{7BD12C2D-9925-4497-9295-436CC83A0507}.Release|Any CPU.Build.0 = Release|Any CPU
	EndGlobalSection
	GlobalSection(SolutionProperties) = preSolution
		HideSolutionNode = FALSE
	EndGlobalSection
	GlobalSection(ExtensibilityGlobals) = postSolution
		SolutionGuid = {D431D590-2525-442B-AB21-F5F7F475B1B8}
	EndGlobalSection
EndGlobal
